// !$*UTF8*$!
{
	archiveVersion = 1;
	classes = {
	};
	objectVersion = 55;
	objects = {

/* Begin PBXBuildFile section */
		7118CFC227F3978B00521706 /* Wristpet WatchKit App.app in Embed Watch Content */ = {isa = PBXBuildFile; fileRef = 7118CFC127F3978B00521706 /* Wristpet WatchKit App.app */; settings = {ATTRIBUTES = (RemoveHeadersOnCopy, ); }; };
		7118CFC727F3978D00521706 /* Assets.xcassets in Resources */ = {isa = PBXBuildFile; fileRef = 7118CFC627F3978D00521706 /* Assets.xcassets */; };
		7118CFCD27F3978D00521706 /* Wristpet WatchKit Extension.appex in Embed App Extensions */ = {isa = PBXBuildFile; fileRef = 7118CFCC27F3978D00521706 /* Wristpet WatchKit Extension.appex */; settings = {ATTRIBUTES = (RemoveHeadersOnCopy, ); }; };
		7118CFD227F3978D00521706 /* WristpetApp.swift in Sources */ = {isa = PBXBuildFile; fileRef = 7118CFD127F3978D00521706 /* WristpetApp.swift */; };
		7118CFD427F3978D00521706 /* ContentView.swift in Sources */ = {isa = PBXBuildFile; fileRef = 7118CFD327F3978D00521706 /* ContentView.swift */; };
		7118CFD627F3978D00521706 /* NotificationController.swift in Sources */ = {isa = PBXBuildFile; fileRef = 7118CFD527F3978D00521706 /* NotificationController.swift */; };
		7118CFD827F3978D00521706 /* NotificationView.swift in Sources */ = {isa = PBXBuildFile; fileRef = 7118CFD727F3978D00521706 /* NotificationView.swift */; };
		7118CFDA27F3978D00521706 /* ComplicationController.swift in Sources */ = {isa = PBXBuildFile; fileRef = 7118CFD927F3978D00521706 /* ComplicationController.swift */; };
		7118CFDC27F3978E00521706 /* Assets.xcassets in Resources */ = {isa = PBXBuildFile; fileRef = 7118CFDB27F3978E00521706 /* Assets.xcassets */; };
		7118CFDF27F3978E00521706 /* Preview Assets.xcassets in Resources */ = {isa = PBXBuildFile; fileRef = 7118CFDE27F3978E00521706 /* Preview Assets.xcassets */; };
		7118CFF027F39CED00521706 /* Pet.swift in Sources */ = {isa = PBXBuildFile; fileRef = 7118CFEF27F39CED00521706 /* Pet.swift */; };
		7118CFF227F39DB200521706 /* ModelData.swift in Sources */ = {isa = PBXBuildFile; fileRef = 7118CFF127F39DB200521706 /* ModelData.swift */; };
		7118CFF827F3B3E600521706 /* PetsListView.swift in Sources */ = {isa = PBXBuildFile; fileRef = 7118CFF727F3B3E600521706 /* PetsListView.swift */; };
/* End PBXBuildFile section */

/* Begin PBXContainerItemProxy section */
		7118CFC327F3978B00521706 /* PBXContainerItemProxy */ = {
			isa = PBXContainerItemProxy;
			containerPortal = 7118CFB727F3978B00521706 /* Project object */;
			proxyType = 1;
			remoteGlobalIDString = 7118CFC027F3978B00521706;
			remoteInfo = "Wristpet WatchKit App";
		};
		7118CFCE27F3978D00521706 /* PBXContainerItemProxy */ = {
			isa = PBXContainerItemProxy;
			containerPortal = 7118CFB727F3978B00521706 /* Project object */;
			proxyType = 1;
			remoteGlobalIDString = 7118CFCB27F3978D00521706;
			remoteInfo = "Wristpet WatchKit Extension";
		};
/* End PBXContainerItemProxy section */

/* Begin PBXCopyFilesBuildPhase section */
		7118CFE727F3978E00521706 /* Embed App Extensions */ = {
			isa = PBXCopyFilesBuildPhase;
			buildActionMask = 2147483647;
			dstPath = "";
			dstSubfolderSpec = 13;
			files = (
				7118CFCD27F3978D00521706 /* Wristpet WatchKit Extension.appex in Embed App Extensions */,
			);
			name = "Embed App Extensions";
			runOnlyForDeploymentPostprocessing = 0;
		};
		7118CFEB27F3978E00521706 /* Embed Watch Content */ = {
			isa = PBXCopyFilesBuildPhase;
			buildActionMask = 2147483647;
			dstPath = "$(CONTENTS_FOLDER_PATH)/Watch";
			dstSubfolderSpec = 16;
			files = (
				7118CFC227F3978B00521706 /* Wristpet WatchKit App.app in Embed Watch Content */,
			);
			name = "Embed Watch Content";
			runOnlyForDeploymentPostprocessing = 0;
		};
/* End PBXCopyFilesBuildPhase section */

/* Begin PBXFileReference section */
		7118CFBD27F3978B00521706 /* Wristpet.app */ = {isa = PBXFileReference; explicitFileType = wrapper.application; includeInIndex = 0; path = Wristpet.app; sourceTree = BUILT_PRODUCTS_DIR; };
		7118CFC127F3978B00521706 /* Wristpet WatchKit App.app */ = {isa = PBXFileReference; explicitFileType = wrapper.application; includeInIndex = 0; path = "Wristpet WatchKit App.app"; sourceTree = BUILT_PRODUCTS_DIR; };
		7118CFC627F3978D00521706 /* Assets.xcassets */ = {isa = PBXFileReference; lastKnownFileType = folder.assetcatalog; path = Assets.xcassets; sourceTree = "<group>"; };
		7118CFCC27F3978D00521706 /* Wristpet WatchKit Extension.appex */ = {isa = PBXFileReference; explicitFileType = "wrapper.app-extension"; includeInIndex = 0; path = "Wristpet WatchKit Extension.appex"; sourceTree = BUILT_PRODUCTS_DIR; };
		7118CFD127F3978D00521706 /* WristpetApp.swift */ = {isa = PBXFileReference; lastKnownFileType = sourcecode.swift; path = WristpetApp.swift; sourceTree = "<group>"; };
		7118CFD327F3978D00521706 /* ContentView.swift */ = {isa = PBXFileReference; lastKnownFileType = sourcecode.swift; path = ContentView.swift; sourceTree = "<group>"; };
		7118CFD527F3978D00521706 /* NotificationController.swift */ = {isa = PBXFileReference; lastKnownFileType = sourcecode.swift; path = NotificationController.swift; sourceTree = "<group>"; };
		7118CFD727F3978D00521706 /* NotificationView.swift */ = {isa = PBXFileReference; lastKnownFileType = sourcecode.swift; path = NotificationView.swift; sourceTree = "<group>"; };
		7118CFD927F3978D00521706 /* ComplicationController.swift */ = {isa = PBXFileReference; lastKnownFileType = sourcecode.swift; path = ComplicationController.swift; sourceTree = "<group>"; };
		7118CFDB27F3978E00521706 /* Assets.xcassets */ = {isa = PBXFileReference; lastKnownFileType = folder.assetcatalog; path = Assets.xcassets; sourceTree = "<group>"; };
		7118CFDE27F3978E00521706 /* Preview Assets.xcassets */ = {isa = PBXFileReference; lastKnownFileType = folder.assetcatalog; path = "Preview Assets.xcassets"; sourceTree = "<group>"; };
		7118CFE027F3978E00521706 /* Info.plist */ = {isa = PBXFileReference; lastKnownFileType = text.plist.xml; path = Info.plist; sourceTree = "<group>"; };
		7118CFE127F3978E00521706 /* PushNotificationPayload.apns */ = {isa = PBXFileReference; lastKnownFileType = text; path = PushNotificationPayload.apns; sourceTree = "<group>"; };
		7118CFEF27F39CED00521706 /* Pet.swift */ = {isa = PBXFileReference; lastKnownFileType = sourcecode.swift; path = Pet.swift; sourceTree = "<group>"; };
		7118CFF127F39DB200521706 /* ModelData.swift */ = {isa = PBXFileReference; lastKnownFileType = sourcecode.swift; path = ModelData.swift; sourceTree = "<group>"; };
		7118CFF727F3B3E600521706 /* PetsListView.swift */ = {isa = PBXFileReference; lastKnownFileType = sourcecode.swift; path = PetsListView.swift; sourceTree = "<group>"; };
/* End PBXFileReference section */

/* Begin PBXFrameworksBuildPhase section */
		7118CFC927F3978D00521706 /* Frameworks */ = {
			isa = PBXFrameworksBuildPhase;
			buildActionMask = 2147483647;
			files = (
			);
			runOnlyForDeploymentPostprocessing = 0;
		};
/* End PBXFrameworksBuildPhase section */

/* Begin PBXGroup section */
		7118CFB627F3978B00521706 = {
			isa = PBXGroup;
			children = (
				7118CFC527F3978B00521706 /* Wristpet WatchKit App */,
				7118CFD027F3978D00521706 /* Wristpet WatchKit Extension */,
				7118CFBE27F3978B00521706 /* Products */,
			);
			sourceTree = "<group>";
		};
		7118CFBE27F3978B00521706 /* Products */ = {
			isa = PBXGroup;
			children = (
				7118CFBD27F3978B00521706 /* Wristpet.app */,
				7118CFC127F3978B00521706 /* Wristpet WatchKit App.app */,
				7118CFCC27F3978D00521706 /* Wristpet WatchKit Extension.appex */,
			);
			name = Products;
			sourceTree = "<group>";
		};
		7118CFC527F3978B00521706 /* Wristpet WatchKit App */ = {
			isa = PBXGroup;
			children = (
				7118CFC627F3978D00521706 /* Assets.xcassets */,
			);
			path = "Wristpet WatchKit App";
			sourceTree = "<group>";
		};
		7118CFD027F3978D00521706 /* Wristpet WatchKit Extension */ = {
			isa = PBXGroup;
			children = (
				7118CFD127F3978D00521706 /* WristpetApp.swift */,
				7118CFD327F3978D00521706 /* ContentView.swift */,
				7118CFF727F3B3E600521706 /* PetsListView.swift */,
				7118CFF327F3A8F700521706 /* Model */,
				7118CFF427F3A90C00521706 /* Notification */,
				7118CFD927F3978D00521706 /* ComplicationController.swift */,
				7118CFDB27F3978E00521706 /* Assets.xcassets */,
				7118CFE027F3978E00521706 /* Info.plist */,
				7118CFE127F3978E00521706 /* PushNotificationPayload.apns */,
				7118CFDD27F3978E00521706 /* Preview Content */,
			);
			path = "Wristpet WatchKit Extension";
			sourceTree = "<group>";
		};
		7118CFDD27F3978E00521706 /* Preview Content */ = {
			isa = PBXGroup;
			children = (
				7118CFDE27F3978E00521706 /* Preview Assets.xcassets */,
			);
			path = "Preview Content";
			sourceTree = "<group>";
		};
		7118CFF327F3A8F700521706 /* Model */ = {
			isa = PBXGroup;
			children = (
				7118CFEF27F39CED00521706 /* Pet.swift */,
				7118CFF127F39DB200521706 /* ModelData.swift */,
			);
			path = Model;
			sourceTree = "<group>";
		};
		7118CFF427F3A90C00521706 /* Notification */ = {
			isa = PBXGroup;
			children = (
				7118CFD527F3978D00521706 /* NotificationController.swift */,
				7118CFD727F3978D00521706 /* NotificationView.swift */,
			);
			path = Notification;
			sourceTree = "<group>";
		};
/* End PBXGroup section */

/* Begin PBXNativeTarget section */
		7118CFBC27F3978B00521706 /* Wristpet */ = {
			isa = PBXNativeTarget;
			buildConfigurationList = 7118CFEC27F3978E00521706 /* Build configuration list for PBXNativeTarget "Wristpet" */;
			buildPhases = (
				7118CFBB27F3978B00521706 /* Resources */,
				7118CFEB27F3978E00521706 /* Embed Watch Content */,
			);
			buildRules = (
			);
			dependencies = (
				7118CFC427F3978B00521706 /* PBXTargetDependency */,
			);
			name = Wristpet;
			productName = Wristpet;
			productReference = 7118CFBD27F3978B00521706 /* Wristpet.app */;
			productType = "com.apple.product-type.application.watchapp2-container";
		};
		7118CFC027F3978B00521706 /* Wristpet WatchKit App */ = {
			isa = PBXNativeTarget;
			buildConfigurationList = 7118CFE827F3978E00521706 /* Build configuration list for PBXNativeTarget "Wristpet WatchKit App" */;
			buildPhases = (
				7118CFBF27F3978B00521706 /* Resources */,
				7118CFE727F3978E00521706 /* Embed App Extensions */,
			);
			buildRules = (
			);
			dependencies = (
				7118CFCF27F3978D00521706 /* PBXTargetDependency */,
			);
			name = "Wristpet WatchKit App";
			productName = "Wristpet WatchKit App";
			productReference = 7118CFC127F3978B00521706 /* Wristpet WatchKit App.app */;
			productType = "com.apple.product-type.application.watchapp2";
		};
		7118CFCB27F3978D00521706 /* Wristpet WatchKit Extension */ = {
			isa = PBXNativeTarget;
			buildConfigurationList = 7118CFE427F3978E00521706 /* Build configuration list for PBXNativeTarget "Wristpet WatchKit Extension" */;
			buildPhases = (
				7118CFC827F3978D00521706 /* Sources */,
				7118CFC927F3978D00521706 /* Frameworks */,
				7118CFCA27F3978D00521706 /* Resources */,
			);
			buildRules = (
			);
			dependencies = (
			);
			name = "Wristpet WatchKit Extension";
			productName = "Wristpet WatchKit Extension";
			productReference = 7118CFCC27F3978D00521706 /* Wristpet WatchKit Extension.appex */;
			productType = "com.apple.product-type.watchkit2-extension";
		};
/* End PBXNativeTarget section */

/* Begin PBXProject section */
		7118CFB727F3978B00521706 /* Project object */ = {
			isa = PBXProject;
			attributes = {
				BuildIndependentTargetsInParallel = 1;
				LastSwiftUpdateCheck = 1330;
				LastUpgradeCheck = 1330;
				TargetAttributes = {
					7118CFBC27F3978B00521706 = {
						CreatedOnToolsVersion = 13.3;
					};
					7118CFC027F3978B00521706 = {
						CreatedOnToolsVersion = 13.3;
					};
					7118CFCB27F3978D00521706 = {
						CreatedOnToolsVersion = 13.3;
					};
				};
			};
			buildConfigurationList = 7118CFBA27F3978B00521706 /* Build configuration list for PBXProject "Wristpet" */;
			compatibilityVersion = "Xcode 13.0";
			developmentRegion = en;
			hasScannedForEncodings = 0;
			knownRegions = (
				en,
				Base,
			);
			mainGroup = 7118CFB627F3978B00521706;
			productRefGroup = 7118CFBE27F3978B00521706 /* Products */;
			projectDirPath = "";
			projectRoot = "";
			targets = (
				7118CFBC27F3978B00521706 /* Wristpet */,
				7118CFC027F3978B00521706 /* Wristpet WatchKit App */,
				7118CFCB27F3978D00521706 /* Wristpet WatchKit Extension */,
			);
		};
/* End PBXProject section */

/* Begin PBXResourcesBuildPhase section */
		7118CFBB27F3978B00521706 /* Resources */ = {
			isa = PBXResourcesBuildPhase;
			buildActionMask = 2147483647;
			files = (
			);
			runOnlyForDeploymentPostprocessing = 0;
		};
		7118CFBF27F3978B00521706 /* Resources */ = {
			isa = PBXResourcesBuildPhase;
			buildActionMask = 2147483647;
			files = (
				7118CFC727F3978D00521706 /* Assets.xcassets in Resources */,
			);
			runOnlyForDeploymentPostprocessing = 0;
		};
		7118CFCA27F3978D00521706 /* Resources */ = {
			isa = PBXResourcesBuildPhase;
			buildActionMask = 2147483647;
			files = (
				7118CFDF27F3978E00521706 /* Preview Assets.xcassets in Resources */,
				7118CFDC27F3978E00521706 /* Assets.xcassets in Resources */,
			);
			runOnlyForDeploymentPostprocessing = 0;
		};
/* End PBXResourcesBuildPhase section */

/* Begin PBXSourcesBuildPhase section */
		7118CFC827F3978D00521706 /* Sources */ = {
			isa = PBXSourcesBuildPhase;
			buildActionMask = 2147483647;
			files = (
				7118CFF827F3B3E600521706 /* PetsListView.swift in Sources */,
				7118CFD627F3978D00521706 /* NotificationController.swift in Sources */,
				7118CFD427F3978D00521706 /* ContentView.swift in Sources */,
				7118CFDA27F3978D00521706 /* ComplicationController.swift in Sources */,
				7118CFF027F39CED00521706 /* Pet.swift in Sources */,
				7118CFD227F3978D00521706 /* WristpetApp.swift in Sources */,
				7118CFD827F3978D00521706 /* NotificationView.swift in Sources */,
				7118CFF227F39DB200521706 /* ModelData.swift in Sources */,
			);
			runOnlyForDeploymentPostprocessing = 0;
		};
/* End PBXSourcesBuildPhase section */

/* Begin PBXTargetDependency section */
		7118CFC427F3978B00521706 /* PBXTargetDependency */ = {
			isa = PBXTargetDependency;
			target = 7118CFC027F3978B00521706 /* Wristpet WatchKit App */;
			targetProxy = 7118CFC327F3978B00521706 /* PBXContainerItemProxy */;
		};
		7118CFCF27F3978D00521706 /* PBXTargetDependency */ = {
			isa = PBXTargetDependency;
			target = 7118CFCB27F3978D00521706 /* Wristpet WatchKit Extension */;
			targetProxy = 7118CFCE27F3978D00521706 /* PBXContainerItemProxy */;
		};
/* End PBXTargetDependency section */

/* Begin XCBuildConfiguration section */
		7118CFE227F3978E00521706 /* Debug */ = {
			isa = XCBuildConfiguration;
			buildSettings = {
				ALWAYS_SEARCH_USER_PATHS = NO;
				CLANG_ANALYZER_NONNULL = YES;
				CLANG_ANALYZER_NUMBER_OBJECT_CONVERSION = YES_AGGRESSIVE;
				CLANG_CXX_LANGUAGE_STANDARD = "gnu++17";
				CLANG_ENABLE_MODULES = YES;
				CLANG_ENABLE_OBJC_ARC = YES;
				CLANG_ENABLE_OBJC_WEAK = YES;
				CLANG_WARN_BLOCK_CAPTURE_AUTORELEASING = YES;
				CLANG_WARN_BOOL_CONVERSION = YES;
				CLANG_WARN_COMMA = YES;
				CLANG_WARN_CONSTANT_CONVERSION = YES;
				CLANG_WARN_DEPRECATED_OBJC_IMPLEMENTATIONS = YES;
				CLANG_WARN_DIRECT_OBJC_ISA_USAGE = YES_ERROR;
				CLANG_WARN_DOCUMENTATION_COMMENTS = YES;
				CLANG_WARN_EMPTY_BODY = YES;
				CLANG_WARN_ENUM_CONVERSION = YES;
				CLANG_WARN_INFINITE_RECURSION = YES;
				CLANG_WARN_INT_CONVERSION = YES;
				CLANG_WARN_NON_LITERAL_NULL_CONVERSION = YES;
				CLANG_WARN_OBJC_IMPLICIT_RETAIN_SELF = YES;
				CLANG_WARN_OBJC_LITERAL_CONVERSION = YES;
				CLANG_WARN_OBJC_ROOT_CLASS = YES_ERROR;
				CLANG_WARN_QUOTED_INCLUDE_IN_FRAMEWORK_HEADER = YES;
				CLANG_WARN_RANGE_LOOP_ANALYSIS = YES;
				CLANG_WARN_STRICT_PROTOTYPES = YES;
				CLANG_WARN_SUSPICIOUS_MOVE = YES;
				CLANG_WARN_UNGUARDED_AVAILABILITY = YES_AGGRESSIVE;
				CLANG_WARN_UNREACHABLE_CODE = YES;
				CLANG_WARN__DUPLICATE_METHOD_MATCH = YES;
				COPY_PHASE_STRIP = NO;
				DEBUG_INFORMATION_FORMAT = dwarf;
				ENABLE_STRICT_OBJC_MSGSEND = YES;
				ENABLE_TESTABILITY = YES;
				GCC_C_LANGUAGE_STANDARD = gnu11;
				GCC_DYNAMIC_NO_PIC = NO;
				GCC_NO_COMMON_BLOCKS = YES;
				GCC_OPTIMIZATION_LEVEL = 0;
				GCC_PREPROCESSOR_DEFINITIONS = (
					"DEBUG=1",
					"$(inherited)",
				);
				GCC_WARN_64_TO_32_BIT_CONVERSION = YES;
				GCC_WARN_ABOUT_RETURN_TYPE = YES_ERROR;
				GCC_WARN_UNDECLARED_SELECTOR = YES;
				GCC_WARN_UNINITIALIZED_AUTOS = YES_AGGRESSIVE;
				GCC_WARN_UNUSED_FUNCTION = YES;
				GCC_WARN_UNUSED_VARIABLE = YES;
				MTL_ENABLE_DEBUG_INFO = INCLUDE_SOURCE;
				MTL_FAST_MATH = YES;
				ONLY_ACTIVE_ARCH = YES;
				SDKROOT = iphoneos;
				SWIFT_ACTIVE_COMPILATION_CONDITIONS = DEBUG;
				SWIFT_OPTIMIZATION_LEVEL = "-Onone";
			};
			name = Debug;
		};
		7118CFE327F3978E00521706 /* Release */ = {
			isa = XCBuildConfiguration;
			buildSettings = {
				ALWAYS_SEARCH_USER_PATHS = NO;
				CLANG_ANALYZER_NONNULL = YES;
				CLANG_ANALYZER_NUMBER_OBJECT_CONVERSION = YES_AGGRESSIVE;
				CLANG_CXX_LANGUAGE_STANDARD = "gnu++17";
				CLANG_ENABLE_MODULES = YES;
				CLANG_ENABLE_OBJC_ARC = YES;
				CLANG_ENABLE_OBJC_WEAK = YES;
				CLANG_WARN_BLOCK_CAPTURE_AUTORELEASING = YES;
				CLANG_WARN_BOOL_CONVERSION = YES;
				CLANG_WARN_COMMA = YES;
				CLANG_WARN_CONSTANT_CONVERSION = YES;
				CLANG_WARN_DEPRECATED_OBJC_IMPLEMENTATIONS = YES;
				CLANG_WARN_DIRECT_OBJC_ISA_USAGE = YES_ERROR;
				CLANG_WARN_DOCUMENTATION_COMMENTS = YES;
				CLANG_WARN_EMPTY_BODY = YES;
				CLANG_WARN_ENUM_CONVERSION = YES;
				CLANG_WARN_INFINITE_RECURSION = YES;
				CLANG_WARN_INT_CONVERSION = YES;
				CLANG_WARN_NON_LITERAL_NULL_CONVERSION = YES;
				CLANG_WARN_OBJC_IMPLICIT_RETAIN_SELF = YES;
				CLANG_WARN_OBJC_LITERAL_CONVERSION = YES;
				CLANG_WARN_OBJC_ROOT_CLASS = YES_ERROR;
				CLANG_WARN_QUOTED_INCLUDE_IN_FRAMEWORK_HEADER = YES;
				CLANG_WARN_RANGE_LOOP_ANALYSIS = YES;
				CLANG_WARN_STRICT_PROTOTYPES = YES;
				CLANG_WARN_SUSPICIOUS_MOVE = YES;
				CLANG_WARN_UNGUARDED_AVAILABILITY = YES_AGGRESSIVE;
				CLANG_WARN_UNREACHABLE_CODE = YES;
				CLANG_WARN__DUPLICATE_METHOD_MATCH = YES;
				COPY_PHASE_STRIP = NO;
				DEBUG_INFORMATION_FORMAT = "dwarf-with-dsym";
				ENABLE_NS_ASSERTIONS = NO;
				ENABLE_STRICT_OBJC_MSGSEND = YES;
				GCC_C_LANGUAGE_STANDARD = gnu11;
				GCC_NO_COMMON_BLOCKS = YES;
				GCC_WARN_64_TO_32_BIT_CONVERSION = YES;
				GCC_WARN_ABOUT_RETURN_TYPE = YES_ERROR;
				GCC_WARN_UNDECLARED_SELECTOR = YES;
				GCC_WARN_UNINITIALIZED_AUTOS = YES_AGGRESSIVE;
				GCC_WARN_UNUSED_FUNCTION = YES;
				GCC_WARN_UNUSED_VARIABLE = YES;
				MTL_ENABLE_DEBUG_INFO = NO;
				MTL_FAST_MATH = YES;
				SDKROOT = iphoneos;
				SWIFT_COMPILATION_MODE = wholemodule;
				SWIFT_OPTIMIZATION_LEVEL = "-O";
				VALIDATE_PRODUCT = YES;
			};
			name = Release;
		};
		7118CFE527F3978E00521706 /* Debug */ = {
			isa = XCBuildConfiguration;
			buildSettings = {
				ASSETCATALOG_COMPILER_COMPLICATION_NAME = Complication;
				CODE_SIGN_STYLE = Automatic;
				CURRENT_PROJECT_VERSION = 1;
				DEVELOPMENT_ASSET_PATHS = "\"Wristpet WatchKit Extension/Preview Content\"";
				DEVELOPMENT_TEAM = M7DG8QRAF9;
				ENABLE_PREVIEWS = YES;
				GENERATE_INFOPLIST_FILE = YES;
				INFOPLIST_FILE = "Wristpet WatchKit Extension/Info.plist";
				INFOPLIST_KEY_CFBundleDisplayName = "Wristpet WatchKit Extension";
				INFOPLIST_KEY_CLKComplicationPrincipalClass = "$(PRODUCT_MODULE_NAME).ComplicationController";
				INFOPLIST_KEY_NSHumanReadableCopyright = "";
				INFOPLIST_KEY_WKWatchOnly = YES;
				LD_RUNPATH_SEARCH_PATHS = (
					"$(inherited)",
					"@executable_path/Frameworks",
					"@executable_path/../../Frameworks",
				);
				MARKETING_VERSION = 1.0;
				PRODUCT_BUNDLE_IDENTIFIER = br.poa.sprenger.Wristpet.watchkitapp.watchkitextension;
				PRODUCT_NAME = "${TARGET_NAME}";
				SDKROOT = watchos;
				SKIP_INSTALL = YES;
				SWIFT_EMIT_LOC_STRINGS = YES;
				SWIFT_VERSION = 5.0;
				TARGETED_DEVICE_FAMILY = 4;
				WATCHOS_DEPLOYMENT_TARGET = 8.5;
			};
			name = Debug;
		};
		7118CFE627F3978E00521706 /* Release */ = {
			isa = XCBuildConfiguration;
			buildSettings = {
				ASSETCATALOG_COMPILER_COMPLICATION_NAME = Complication;
				CODE_SIGN_STYLE = Automatic;
				CURRENT_PROJECT_VERSION = 1;
				DEVELOPMENT_ASSET_PATHS = "\"Wristpet WatchKit Extension/Preview Content\"";
				DEVELOPMENT_TEAM = M7DG8QRAF9;
				ENABLE_PREVIEWS = YES;
				GENERATE_INFOPLIST_FILE = YES;
				INFOPLIST_FILE = "Wristpet WatchKit Extension/Info.plist";
				INFOPLIST_KEY_CFBundleDisplayName = "Wristpet WatchKit Extension";
				INFOPLIST_KEY_CLKComplicationPrincipalClass = "$(PRODUCT_MODULE_NAME).ComplicationController";
				INFOPLIST_KEY_NSHumanReadableCopyright = "";
				INFOPLIST_KEY_WKWatchOnly = YES;
				LD_RUNPATH_SEARCH_PATHS = (
					"$(inherited)",
					"@executable_path/Frameworks",
					"@executable_path/../../Frameworks",
				);
				MARKETING_VERSION = 1.0;
				PRODUCT_BUNDLE_IDENTIFIER = br.poa.sprenger.Wristpet.watchkitapp.watchkitextension;
				PRODUCT_NAME = "${TARGET_NAME}";
				SDKROOT = watchos;
				SKIP_INSTALL = YES;
				SWIFT_EMIT_LOC_STRINGS = YES;
				SWIFT_VERSION = 5.0;
				TARGETED_DEVICE_FAMILY = 4;
				WATCHOS_DEPLOYMENT_TARGET = 8.5;
			};
			name = Release;
		};
		7118CFE927F3978E00521706 /* Debug */ = {
			isa = XCBuildConfiguration;
			buildSettings = {
				ALWAYS_EMBED_SWIFT_STANDARD_LIBRARIES = YES;
				ASSETCATALOG_COMPILER_APPICON_NAME = AppIcon;
				ASSETCATALOG_COMPILER_GLOBAL_ACCENT_COLOR_NAME = AccentColor;
				CODE_SIGN_STYLE = Automatic;
				CURRENT_PROJECT_VERSION = 1;
				DEVELOPMENT_TEAM = M7DG8QRAF9;
				GENERATE_INFOPLIST_FILE = YES;
				IBSC_MODULE = Wristpet_WatchKit_Extension;
				INFOPLIST_KEY_CFBundleDisplayName = "Wristpet WatchKit App";
				INFOPLIST_KEY_UISupportedInterfaceOrientations = "UIInterfaceOrientationPortrait UIInterfaceOrientationPortraitUpsideDown";
				MARKETING_VERSION = 1.0;
				PRODUCT_BUNDLE_IDENTIFIER = br.poa.sprenger.Wristpet.watchkitapp;
				PRODUCT_NAME = "$(TARGET_NAME)";
				SDKROOT = watchos;
				SKIP_INSTALL = YES;
				SWIFT_EMIT_LOC_STRINGS = YES;
				SWIFT_VERSION = 5.0;
				TARGETED_DEVICE_FAMILY = 4;
				WATCHOS_DEPLOYMENT_TARGET = 8.5;
			};
			name = Debug;
		};
		7118CFEA27F3978E00521706 /* Release */ = {
			isa = XCBuildConfiguration;
			buildSettings = {
				ALWAYS_EMBED_SWIFT_STANDARD_LIBRARIES = YES;
				ASSETCATALOG_COMPILER_APPICON_NAME = AppIcon;
				ASSETCATALOG_COMPILER_GLOBAL_ACCENT_COLOR_NAME = AccentColor;
				CODE_SIGN_STYLE = Automatic;
				CURRENT_PROJECT_VERSION = 1;
				DEVELOPMENT_TEAM = M7DG8QRAF9;
				GENERATE_INFOPLIST_FILE = YES;
				IBSC_MODULE = Wristpet_WatchKit_Extension;
				INFOPLIST_KEY_CFBundleDisplayName = "Wristpet WatchKit App";
				INFOPLIST_KEY_UISupportedInterfaceOrientations = "UIInterfaceOrientationPortrait UIInterfaceOrientationPortraitUpsideDown";
				MARKETING_VERSION = 1.0;
				PRODUCT_BUNDLE_IDENTIFIER = br.poa.sprenger.Wristpet.watchkitapp;
				PRODUCT_NAME = "$(TARGET_NAME)";
				SDKROOT = watchos;
				SKIP_INSTALL = YES;
				SWIFT_EMIT_LOC_STRINGS = YES;
				SWIFT_VERSION = 5.0;
				TARGETED_DEVICE_FAMILY = 4;
				WATCHOS_DEPLOYMENT_TARGET = 8.5;
			};
			name = Release;
		};
		7118CFED27F3978E00521706 /* Debug */ = {
			isa = XCBuildConfiguration;
			buildSettings = {
				CODE_SIGN_STYLE = Automatic;
				CURRENT_PROJECT_VERSION = 1;
				DEVELOPMENT_TEAM = M7DG8QRAF9;
				MARKETING_VERSION = 1.0;
				PRODUCT_BUNDLE_IDENTIFIER = br.poa.sprenger.Wristpet;
				PRODUCT_NAME = "$(TARGET_NAME)";
				SWIFT_VERSION = 5.0;
			};
			name = Debug;
		};
		7118CFEE27F3978E00521706 /* Release */ = {
			isa = XCBuildConfiguration;
			buildSettings = {
				CODE_SIGN_STYLE = Automatic;
				CURRENT_PROJECT_VERSION = 1;
				DEVELOPMENT_TEAM = M7DG8QRAF9;
				MARKETING_VERSION = 1.0;
				PRODUCT_BUNDLE_IDENTIFIER = br.poa.sprenger.Wristpet;
				PRODUCT_NAME = "$(TARGET_NAME)";
				SWIFT_VERSION = 5.0;
			};
			name = Release;
		};
/* End XCBuildConfiguration section */

/* Begin XCConfigurationList section */
		7118CFBA27F3978B00521706 /* Build configuration list for PBXProject "Wristpet" */ = {
			isa = XCConfigurationList;
			buildConfigurations = (
				7118CFE227F3978E00521706 /* Debug */,
				7118CFE327F3978E00521706 /* Release */,
			);
			defaultConfigurationIsVisible = 0;
			defaultConfigurationName = Release;
		};
		7118CFE427F3978E00521706 /* Build configuration list for PBXNativeTarget "Wristpet WatchKit Extension" */ = {
			isa = XCConfigurationList;
			buildConfigurations = (
				7118CFE527F3978E00521706 /* Debug */,
				7118CFE627F3978E00521706 /* Release */,
			);
			defaultConfigurationIsVisible = 0;
			defaultConfigurationName = Release;
		};
		7118CFE827F3978E00521706 /* Build configuration list for PBXNativeTarget "Wristpet WatchKit App" */ = {
			isa = XCConfigurationList;
			buildConfigurations = (
				7118CFE927F3978E00521706 /* Debug */,
				7118CFEA27F3978E00521706 /* Release */,
			);
			defaultConfigurationIsVisible = 0;
			defaultConfigurationName = Release;
		};
		7118CFEC27F3978E00521706 /* Build configuration list for PBXNativeTarget "Wristpet" */ = {
			isa = XCConfigurationList;
			buildConfigurations = (
				7118CFED27F3978E00521706 /* Debug */,
				7118CFEE27F3978E00521706 /* Release */,
			);
			defaultConfigurationIsVisible = 0;
			defaultConfigurationName = Release;
		};
/* End XCConfigurationList section */
	};
	rootObject = 7118CFB727F3978B00521706 /* Project object */;
}
